// !$*UTF8*$!
{
	archiveVersion = 1;
	classes = {
	};
	objectVersion = 50;
	objects = {

/* Begin PBXBuildFile section */
		03683BA726E908120042F55E /* AppDelegate.swift in Sources */ = {isa = PBXBuildFile; fileRef = 03683BA626E908120042F55E /* AppDelegate.swift */; };
		03683BA926E908120042F55E /* SceneDelegate.swift in Sources */ = {isa = PBXBuildFile; fileRef = 03683BA826E908120042F55E /* SceneDelegate.swift */; };
		03683BAB26E908120042F55E /* ViewController.swift in Sources */ = {isa = PBXBuildFile; fileRef = 03683BAA26E908120042F55E /* ViewController.swift */; };
		03683BAE26E908120042F55E /* Main.storyboard in Resources */ = {isa = PBXBuildFile; fileRef = 03683BAC26E908120042F55E /* Main.storyboard */; };
		03683BB026E908130042F55E /* Assets.xcassets in Resources */ = {isa = PBXBuildFile; fileRef = 03683BAF26E908130042F55E /* Assets.xcassets */; };
		03683BB326E908130042F55E /* LaunchScreen.storyboard in Resources */ = {isa = PBXBuildFile; fileRef = 03683BB126E908130042F55E /* LaunchScreen.storyboard */; };
		03683BBE26E908140042F55E /* IMCTests.swift in Sources */ = {isa = PBXBuildFile; fileRef = 03683BBD26E908140042F55E /* IMCTests.swift */; };
		03683BC926E908140042F55E /* IMCUITests.swift in Sources */ = {isa = PBXBuildFile; fileRef = 03683BC826E908140042F55E /* IMCUITests.swift */; };
/* End PBXBuildFile section */

/* Begin PBXContainerItemProxy section */
		03683BBA26E908140042F55E /* PBXContainerItemProxy */ = {
			isa = PBXContainerItemProxy;
			containerPortal = 03683B9B26E908120042F55E /* Project object */;
			proxyType = 1;
			remoteGlobalIDString = 03683BA226E908120042F55E;
			remoteInfo = IMC;
		};
		03683BC526E908140042F55E /* PBXContainerItemProxy */ = {
			isa = PBXContainerItemProxy;
			containerPortal = 03683B9B26E908120042F55E /* Project object */;
			proxyType = 1;
			remoteGlobalIDString = 03683BA226E908120042F55E;
			remoteInfo = IMC;
		};
/* End PBXContainerItemProxy section */

/* Begin PBXFileReference section */
		03683BA326E908120042F55E /* IMC.app */ = {isa = PBXFileReference; explicitFileType = wrapper.application; includeInIndex = 0; path = IMC.app; sourceTree = BUILT_PRODUCTS_DIR; };
		03683BA626E908120042F55E /* AppDelegate.swift */ = {isa = PBXFileReference; lastKnownFileType = sourcecode.swift; path = AppDelegate.swift; sourceTree = "<group>"; };
		03683BA826E908120042F55E /* SceneDelegate.swift */ = {isa = PBXFileReference; lastKnownFileType = sourcecode.swift; path = SceneDelegate.swift; sourceTree = "<group>"; };
		03683BAA26E908120042F55E /* ViewController.swift */ = {isa = PBXFileReference; lastKnownFileType = sourcecode.swift; path = ViewController.swift; sourceTree = "<group>"; };
		03683BAD26E908120042F55E /* Base */ = {isa = PBXFileReference; lastKnownFileType = file.storyboard; name = Base; path = Base.lproj/Main.storyboard; sourceTree = "<group>"; };
		03683BAF26E908130042F55E /* Assets.xcassets */ = {isa = PBXFileReference; lastKnownFileType = folder.assetcatalog; path = Assets.xcassets; sourceTree = "<group>"; };
		03683BB226E908130042F55E /* Base */ = {isa = PBXFileReference; lastKnownFileType = file.storyboard; name = Base; path = Base.lproj/LaunchScreen.storyboard; sourceTree = "<group>"; };
		03683BB426E908130042F55E /* Info.plist */ = {isa = PBXFileReference; lastKnownFileType = text.plist.xml; path = Info.plist; sourceTree = "<group>"; };
		03683BB926E908140042F55E /* IMCTests.xctest */ = {isa = PBXFileReference; explicitFileType = wrapper.cfbundle; includeInIndex = 0; path = IMCTests.xctest; sourceTree = BUILT_PRODUCTS_DIR; };
		03683BBD26E908140042F55E /* IMCTests.swift */ = {isa = PBXFileReference; lastKnownFileType = sourcecode.swift; path = IMCTests.swift; sourceTree = "<group>"; };
		03683BBF26E908140042F55E /* Info.plist */ = {isa = PBXFileReference; lastKnownFileType = text.plist.xml; path = Info.plist; sourceTree = "<group>"; };
		03683BC426E908140042F55E /* IMCUITests.xctest */ = {isa = PBXFileReference; explicitFileType = wrapper.cfbundle; includeInIndex = 0; path = IMCUITests.xctest; sourceTree = BUILT_PRODUCTS_DIR; };
		03683BC826E908140042F55E /* IMCUITests.swift */ = {isa = PBXFileReference; lastKnownFileType = sourcecode.swift; path = IMCUITests.swift; sourceTree = "<group>"; };
		03683BCA26E908140042F55E /* Info.plist */ = {isa = PBXFileReference; lastKnownFileType = text.plist.xml; path = Info.plist; sourceTree = "<group>"; };
/* End PBXFileReference section */

/* Begin PBXFrameworksBuildPhase section */
		03683BA026E908120042F55E /* Frameworks */ = {
			isa = PBXFrameworksBuildPhase;
			buildActionMask = 2147483647;
			files = (
			);
			runOnlyForDeploymentPostprocessing = 0;
		};
		03683BB626E908140042F55E /* Frameworks */ = {
			isa = PBXFrameworksBuildPhase;
			buildActionMask = 2147483647;
			files = (
			);
			runOnlyForDeploymentPostprocessing = 0;
		};
		03683BC126E908140042F55E /* Frameworks */ = {
			isa = PBXFrameworksBuildPhase;
			buildActionMask = 2147483647;
			files = (
			);
			runOnlyForDeploymentPostprocessing = 0;
		};
/* End PBXFrameworksBuildPhase section */

/* Begin PBXGroup section */
		03683B9A26E908120042F55E = {
			isa = PBXGroup;
			children = (
				03683BA526E908120042F55E /* IMC */,
				03683BBC26E908140042F55E /* IMCTests */,
				03683BC726E908140042F55E /* IMCUITests */,
				03683BA426E908120042F55E /* Products */,
			);
			sourceTree = "<group>";
		};
		03683BA426E908120042F55E /* Products */ = {
			isa = PBXGroup;
			children = (
				03683BA326E908120042F55E /* IMC.app */,
				03683BB926E908140042F55E /* IMCTests.xctest */,
				03683BC426E908140042F55E /* IMCUITests.xctest */,
			);
			name = Products;
			sourceTree = "<group>";
		};
		03683BA526E908120042F55E /* IMC */ = {
			isa = PBXGroup;
			children = (
				03683BA626E908120042F55E /* AppDelegate.swift */,
				03683BA826E908120042F55E /* SceneDelegate.swift */,
				03683BAA26E908120042F55E /* ViewController.swift */,
				03683BAC26E908120042F55E /* Main.storyboard */,
				03683BAF26E908130042F55E /* Assets.xcassets */,
				03683BB126E908130042F55E /* LaunchScreen.storyboard */,
				03683BB426E908130042F55E /* Info.plist */,
			);
			path = IMC;
			sourceTree = "<group>";
		};
		03683BBC26E908140042F55E /* IMCTests */ = {
			isa = PBXGroup;
			children = (
				03683BBD26E908140042F55E /* IMCTests.swift */,
				03683BBF26E908140042F55E /* Info.plist */,
			);
			path = IMCTests;
			sourceTree = "<group>";
		};
		03683BC726E908140042F55E /* IMCUITests */ = {
			isa = PBXGroup;
			children = (
				03683BC826E908140042F55E /* IMCUITests.swift */,
				03683BCA26E908140042F55E /* Info.plist */,
			);
			path = IMCUITests;
			sourceTree = "<group>";
		};
/* End PBXGroup section */

/* Begin PBXNativeTarget section */
		03683BA226E908120042F55E /* IMC */ = {
			isa = PBXNativeTarget;
			buildConfigurationList = 03683BCD26E908140042F55E /* Build configuration list for PBXNativeTarget "IMC" */;
			buildPhases = (
				03683B9F26E908120042F55E /* Sources */,
				03683BA026E908120042F55E /* Frameworks */,
				03683BA126E908120042F55E /* Resources */,
			);
			buildRules = (
			);
			dependencies = (
			);
			name = IMC;
			productName = IMC;
			productReference = 03683BA326E908120042F55E /* IMC.app */;
			productType = "com.apple.product-type.application";
		};
		03683BB826E908140042F55E /* IMCTests */ = {
			isa = PBXNativeTarget;
			buildConfigurationList = 03683BD026E908140042F55E /* Build configuration list for PBXNativeTarget "IMCTests" */;
			buildPhases = (
				03683BB526E908140042F55E /* Sources */,
				03683BB626E908140042F55E /* Frameworks */,
				03683BB726E908140042F55E /* Resources */,
			);
			buildRules = (
			);
			dependencies = (
				03683BBB26E908140042F55E /* PBXTargetDependency */,
			);
			name = IMCTests;
			productName = IMCTests;
			productReference = 03683BB926E908140042F55E /* IMCTests.xctest */;
			productType = "com.apple.product-type.bundle.unit-test";
		};
		03683BC326E908140042F55E /* IMCUITests */ = {
			isa = PBXNativeTarget;
			buildConfigurationList = 03683BD326E908140042F55E /* Build configuration list for PBXNativeTarget "IMCUITests" */;
			buildPhases = (
				03683BC026E908140042F55E /* Sources */,
				03683BC126E908140042F55E /* Frameworks */,
				03683BC226E908140042F55E /* Resources */,
			);
			buildRules = (
			);
			dependencies = (
				03683BC626E908140042F55E /* PBXTargetDependency */,
			);
			name = IMCUITests;
			productName = IMCUITests;
			productReference = 03683BC426E908140042F55E /* IMCUITests.xctest */;
			productType = "com.apple.product-type.bundle.ui-testing";
		};
/* End PBXNativeTarget section */

/* Begin PBXProject section */
		03683B9B26E908120042F55E /* Project object */ = {
			isa = PBXProject;
			attributes = {
				LastSwiftUpdateCheck = 1240;
				LastUpgradeCheck = 1240;
				TargetAttributes = {
					03683BA226E908120042F55E = {
						CreatedOnToolsVersion = 12.4;
					};
					03683BB826E908140042F55E = {
						CreatedOnToolsVersion = 12.4;
						TestTargetID = 03683BA226E908120042F55E;
					};
					03683BC326E908140042F55E = {
						CreatedOnToolsVersion = 12.4;
						TestTargetID = 03683BA226E908120042F55E;
					};
				};
			};
			buildConfigurationList = 03683B9E26E908120042F55E /* Build configuration list for PBXProject "IMC" */;
			compatibilityVersion = "Xcode 9.3";
			developmentRegion = en;
			hasScannedForEncodings = 0;
			knownRegions = (
				en,
				Base,
			);
			mainGroup = 03683B9A26E908120042F55E;
			productRefGroup = 03683BA426E908120042F55E /* Products */;
			projectDirPath = "";
			projectRoot = "";
			targets = (
				03683BA226E908120042F55E /* IMC */,
				03683BB826E908140042F55E /* IMCTests */,
				03683BC326E908140042F55E /* IMCUITests */,
			);
		};
/* End PBXProject section */

/* Begin PBXResourcesBuildPhase section */
		03683BA126E908120042F55E /* Resources */ = {
			isa = PBXResourcesBuildPhase;
			buildActionMask = 2147483647;
			files = (
				03683BB326E908130042F55E /* LaunchScreen.storyboard in Resources */,
				03683BB026E908130042F55E /* Assets.xcassets in Resources */,
				03683BAE26E908120042F55E /* Main.storyboard in Resources */,
			);
			runOnlyForDeploymentPostprocessing = 0;
		};
		03683BB726E908140042F55E /* Resources */ = {
			isa = PBXResourcesBuildPhase;
			buildActionMask = 2147483647;
			files = (
			);
			runOnlyForDeploymentPostprocessing = 0;
		};
		03683BC226E908140042F55E /* Resources */ = {
			isa = PBXResourcesBuildPhase;
			buildActionMask = 2147483647;
			files = (
			);
			runOnlyForDeploymentPostprocessing = 0;
		};
/* End PBXResourcesBuildPhase section */

/* Begin PBXSourcesBuildPhase section */
		03683B9F26E908120042F55E /* Sources */ = {
			isa = PBXSourcesBuildPhase;
			buildActionMask = 2147483647;
			files = (
				03683BAB26E908120042F55E /* ViewController.swift in Sources */,
				03683BA726E908120042F55E /* AppDelegate.swift in Sources */,
				03683BA926E908120042F55E /* SceneDelegate.swift in Sources */,
			);
			runOnlyForDeploymentPostprocessing = 0;
		};
		03683BB526E908140042F55E /* Sources */ = {
			isa = PBXSourcesBuildPhase;
			buildActionMask = 2147483647;
			files = (
				03683BBE26E908140042F55E /* IMCTests.swift in Sources */,
			);
			runOnlyForDeploymentPostprocessing = 0;
		};
		03683BC026E908140042F55E /* Sources */ = {
			isa = PBXSourcesBuildPhase;
			buildActionMask = 2147483647;
			files = (
				03683BC926E908140042F55E /* IMCUITests.swift in Sources */,
			);
			runOnlyForDeploymentPostprocessing = 0;
		};
/* End PBXSourcesBuildPhase section */

/* Begin PBXTargetDependency section */
		03683BBB26E908140042F55E /* PBXTargetDependency */ = {
			isa = PBXTargetDependency;
			target = 03683BA226E908120042F55E /* IMC */;
			targetProxy = 03683BBA26E908140042F55E /* PBXContainerItemProxy */;
		};
		03683BC626E908140042F55E /* PBXTargetDependency */ = {
			isa = PBXTargetDependency;
			target = 03683BA226E908120042F55E /* IMC */;
			targetProxy = 03683BC526E908140042F55E /* PBXContainerItemProxy */;
		};
/* End PBXTargetDependency section */

/* Begin PBXVariantGroup section */
		03683BAC26E908120042F55E /* Main.storyboard */ = {
			isa = PBXVariantGroup;
			children = (
				03683BAD26E908120042F55E /* Base */,
			);
			name = Main.storyboard;
			sourceTree = "<group>";
		};
		03683BB126E908130042F55E /* LaunchScreen.storyboard */ = {
			isa = PBXVariantGroup;
			children = (
				03683BB226E908130042F55E /* Base */,
			);
			name = LaunchScreen.storyboard;
			sourceTree = "<group>";
		};
/* End PBXVariantGroup section */

/* Begin XCBuildConfiguration section */
		03683BCB26E908140042F55E /* Debug */ = {
			isa = XCBuildConfiguration;
			buildSettings = {
				ALWAYS_SEARCH_USER_PATHS = NO;
				CLANG_ANALYZER_NONNULL = YES;
				CLANG_ANALYZER_NUMBER_OBJECT_CONVERSION = YES_AGGRESSIVE;
				CLANG_CXX_LANGUAGE_STANDARD = "gnu++14";
				CLANG_CXX_LIBRARY = "libc++";
				CLANG_ENABLE_MODULES = YES;
				CLANG_ENABLE_OBJC_ARC = YES;
				CLANG_ENABLE_OBJC_WEAK = YES;
				CLANG_WARN_BLOCK_CAPTURE_AUTORELEASING = YES;
				CLANG_WARN_BOOL_CONVERSION = YES;
				CLANG_WARN_COMMA = YES;
				CLANG_WARN_CONSTANT_CONVERSION = YES;
				CLANG_WARN_DEPRECATED_OBJC_IMPLEMENTATIONS = YES;
				CLANG_WARN_DIRECT_OBJC_ISA_USAGE = YES_ERROR;
				CLANG_WARN_DOCUMENTATION_COMMENTS = YES;
				CLANG_WARN_EMPTY_BODY = YES;
				CLANG_WARN_ENUM_CONVERSION = YES;
				CLANG_WARN_INFINITE_RECURSION = YES;
				CLANG_WARN_INT_CONVERSION = YES;
				CLANG_WARN_NON_LITERAL_NULL_CONVERSION = YES;
				CLANG_WARN_OBJC_IMPLICIT_RETAIN_SELF = YES;
				CLANG_WARN_OBJC_LITERAL_CONVERSION = YES;
				CLANG_WARN_OBJC_ROOT_CLASS = YES_ERROR;
				CLANG_WARN_QUOTED_INCLUDE_IN_FRAMEWORK_HEADER = YES;
				CLANG_WARN_RANGE_LOOP_ANALYSIS = YES;
				CLANG_WARN_STRICT_PROTOTYPES = YES;
				CLANG_WARN_SUSPICIOUS_MOVE = YES;
				CLANG_WARN_UNGUARDED_AVAILABILITY = YES_AGGRESSIVE;
				CLANG_WARN_UNREACHABLE_CODE = YES;
				CLANG_WARN__DUPLICATE_METHOD_MATCH = YES;
				COPY_PHASE_STRIP = NO;
				DEBUG_INFORMATION_FORMAT = dwarf;
				ENABLE_STRICT_OBJC_MSGSEND = YES;
				ENABLE_TESTABILITY = YES;
				GCC_C_LANGUAGE_STANDARD = gnu11;
				GCC_DYNAMIC_NO_PIC = NO;
				GCC_NO_COMMON_BLOCKS = YES;
				GCC_OPTIMIZATION_LEVEL = 0;
				GCC_PREPROCESSOR_DEFINITIONS = (
					"DEBUG=1",
					"$(inherited)",
				);
				GCC_WARN_64_TO_32_BIT_CONVERSION = YES;
				GCC_WARN_ABOUT_RETURN_TYPE = YES_ERROR;
				GCC_WARN_UNDECLARED_SELECTOR = YES;
				GCC_WARN_UNINITIALIZED_AUTOS = YES_AGGRESSIVE;
				GCC_WARN_UNUSED_FUNCTION = YES;
				GCC_WARN_UNUSED_VARIABLE = YES;
				IPHONEOS_DEPLOYMENT_TARGET = 14.4;
				MTL_ENABLE_DEBUG_INFO = INCLUDE_SOURCE;
				MTL_FAST_MATH = YES;
				ONLY_ACTIVE_ARCH = YES;
				SDKROOT = iphoneos;
				SWIFT_ACTIVE_COMPILATION_CONDITIONS = DEBUG;
				SWIFT_OPTIMIZATION_LEVEL = "-Onone";
			};
			name = Debug;
		};
		03683BCC26E908140042F55E /* Release */ = {
			isa = XCBuildConfiguration;
			buildSettings = {
				ALWAYS_SEARCH_USER_PATHS = NO;
				CLANG_ANALYZER_NONNULL = YES;
				CLANG_ANALYZER_NUMBER_OBJECT_CONVERSION = YES_AGGRESSIVE;
				CLANG_CXX_LANGUAGE_STANDARD = "gnu++14";
				CLANG_CXX_LIBRARY = "libc++";
				CLANG_ENABLE_MODULES = YES;
				CLANG_ENABLE_OBJC_ARC = YES;
				CLANG_ENABLE_OBJC_WEAK = YES;
				CLANG_WARN_BLOCK_CAPTURE_AUTORELEASING = YES;
				CLANG_WARN_BOOL_CONVERSION = YES;
				CLANG_WARN_COMMA = YES;
				CLANG_WARN_CONSTANT_CONVERSION = YES;
				CLANG_WARN_DEPRECATED_OBJC_IMPLEMENTATIONS = YES;
				CLANG_WARN_DIRECT_OBJC_ISA_USAGE = YES_ERROR;
				CLANG_WARN_DOCUMENTATION_COMMENTS = YES;
				CLANG_WARN_EMPTY_BODY = YES;
				CLANG_WARN_ENUM_CONVERSION = YES;
				CLANG_WARN_INFINITE_RECURSION = YES;
				CLANG_WARN_INT_CONVERSION = YES;
				CLANG_WARN_NON_LITERAL_NULL_CONVERSION = YES;
				CLANG_WARN_OBJC_IMPLICIT_RETAIN_SELF = YES;
				CLANG_WARN_OBJC_LITERAL_CONVERSION = YES;
				CLANG_WARN_OBJC_ROOT_CLASS = YES_ERROR;
				CLANG_WARN_QUOTED_INCLUDE_IN_FRAMEWORK_HEADER = YES;
				CLANG_WARN_RANGE_LOOP_ANALYSIS = YES;
				CLANG_WARN_STRICT_PROTOTYPES = YES;
				CLANG_WARN_SUSPICIOUS_MOVE = YES;
				CLANG_WARN_UNGUARDED_AVAILABILITY = YES_AGGRESSIVE;
				CLANG_WARN_UNREACHABLE_CODE = YES;
				CLANG_WARN__DUPLICATE_METHOD_MATCH = YES;
				COPY_PHASE_STRIP = NO;
				DEBUG_INFORMATION_FORMAT = "dwarf-with-dsym";
				ENABLE_NS_ASSERTIONS = NO;
				ENABLE_STRICT_OBJC_MSGSEND = YES;
				GCC_C_LANGUAGE_STANDARD = gnu11;
				GCC_NO_COMMON_BLOCKS = YES;
				GCC_WARN_64_TO_32_BIT_CONVERSION = YES;
				GCC_WARN_ABOUT_RETURN_TYPE = YES_ERROR;
				GCC_WARN_UNDECLARED_SELECTOR = YES;
				GCC_WARN_UNINITIALIZED_AUTOS = YES_AGGRESSIVE;
				GCC_WARN_UNUSED_FUNCTION = YES;
				GCC_WARN_UNUSED_VARIABLE = YES;
				IPHONEOS_DEPLOYMENT_TARGET = 14.4;
				MTL_ENABLE_DEBUG_INFO = NO;
				MTL_FAST_MATH = YES;
				SDKROOT = iphoneos;
				SWIFT_COMPILATION_MODE = wholemodule;
				SWIFT_OPTIMIZATION_LEVEL = "-O";
				VALIDATE_PRODUCT = YES;
			};
			name = Release;
		};
		03683BCE26E908140042F55E /* Debug */ = {
			isa = XCBuildConfiguration;
			buildSettings = {
				ASSETCATALOG_COMPILER_APPICON_NAME = AppIcon;
				ASSETCATALOG_COMPILER_GLOBAL_ACCENT_COLOR_NAME = AccentColor;
				CODE_SIGN_STYLE = Automatic;
				INFOPLIST_FILE = IMC/Info.plist;
				LD_RUNPATH_SEARCH_PATHS = (
					"$(inherited)",
					"@executable_path/Frameworks",
				);
				PRODUCT_BUNDLE_IDENTIFIER = br.com.victornasser.IMC;
				PRODUCT_NAME = "$(TARGET_NAME)";
				SWIFT_VERSION = 5.0;
				TARGETED_DEVICE_FAMILY = "1,2";
			};
			name = Debug;
		};
		03683BCF26E908140042F55E /* Release */ = {
			isa = XCBuildConfiguration;
			buildSettings = {
				ASSETCATALOG_COMPILER_APPICON_NAME = AppIcon;
				ASSETCATALOG_COMPILER_GLOBAL_ACCENT_COLOR_NAME = AccentColor;
				CODE_SIGN_STYLE = Automatic;
				INFOPLIST_FILE = IMC/Info.plist;
				LD_RUNPATH_SEARCH_PATHS = (
					"$(inherited)",
					"@executable_path/Frameworks",
				);
				PRODUCT_BUNDLE_IDENTIFIER = br.com.victornasser.IMC;
				PRODUCT_NAME = "$(TARGET_NAME)";
				SWIFT_VERSION = 5.0;
				TARGETED_DEVICE_FAMILY = "1,2";
			};
			name = Release;
		};
		03683BD126E908140042F55E /* Debug */ = {
			isa = XCBuildConfiguration;
			buildSettings = {
				ALWAYS_EMBED_SWIFT_STANDARD_LIBRARIES = YES;
				BUNDLE_LOADER = "$(TEST_HOST)";
				CODE_SIGN_STYLE = Automatic;
				INFOPLIST_FILE = IMCTests/Info.plist;
				IPHONEOS_DEPLOYMENT_TARGET = 14.4;
				LD_RUNPATH_SEARCH_PATHS = (
					"$(inherited)",
					"@executable_path/Frameworks",
					"@loader_path/Frameworks",
				);
				PRODUCT_BUNDLE_IDENTIFIER = br.com.victornasser.IMCTests;
				PRODUCT_NAME = "$(TARGET_NAME)";
				SWIFT_VERSION = 5.0;
				TARGETED_DEVICE_FAMILY = "1,2";
				TEST_HOST = "$(BUILT_PRODUCTS_DIR)/IMC.app/IMC";
			};
			name = Debug;
		};
		03683BD226E908140042F55E /* Release */ = {
			isa = XCBuildConfiguration;
			buildSettings = {
				ALWAYS_EMBED_SWIFT_STANDARD_LIBRARIES = YES;
				BUNDLE_LOADER = "$(TEST_HOST)";
				CODE_SIGN_STYLE = Automatic;
				INFOPLIST_FILE = IMCTests/Info.plist;
				IPHONEOS_DEPLOYMENT_TARGET = 14.4;
				LD_RUNPATH_SEARCH_PATHS = (
					"$(inherited)",
					"@executable_path/Frameworks",
					"@loader_path/Frameworks",
				);
				PRODUCT_BUNDLE_IDENTIFIER = br.com.victornasser.IMCTests;
				PRODUCT_NAME = "$(TARGET_NAME)";
				SWIFT_VERSION = 5.0;
				TARGETED_DEVICE_FAMILY = "1,2";
				TEST_HOST = "$(BUILT_PRODUCTS_DIR)/IMC.app/IMC";
			};
			name = Release;
		};
		03683BD426E908140042F55E /* Debug */ = {
			isa = XCBuildConfiguration;
			buildSettings = {
				ALWAYS_EMBED_SWIFT_STANDARD_LIBRARIES = YES;
				CODE_SIGN_STYLE = Automatic;
				INFOPLIST_FILE = IMCUITests/Info.plist;
				LD_RUNPATH_SEARCH_PATHS = (
					"$(inherited)",
					"@executable_path/Frameworks",
					"@loader_path/Frameworks",
				);
				PRODUCT_BUNDLE_IDENTIFIER = br.com.victornasser.IMCUITests;
				PRODUCT_NAME = "$(TARGET_NAME)";
				SWIFT_VERSION = 5.0;
				TARGETED_DEVICE_FAMILY = "1,2";
				TEST_TARGET_NAME = IMC;
			};
			name = Debug;
		};
		03683BD526E908140042F55E /* Release */ = {
			isa = XCBuildConfiguration;
			buildSettings = {
				ALWAYS_EMBED_SWIFT_STANDARD_LIBRARIES = YES;
				CODE_SIGN_STYLE = Automatic;
				INFOPLIST_FILE = IMCUITests/Info.plist;
				LD_RUNPATH_SEARCH_PATHS = (
					"$(inherited)",
					"@executable_path/Frameworks",
					"@loader_path/Frameworks",
				);
				PRODUCT_BUNDLE_IDENTIFIER = br.com.victornasser.IMCUITests;
				PRODUCT_NAME = "$(TARGET_NAME)";
				SWIFT_VERSION = 5.0;
				TARGETED_DEVICE_FAMILY = "1,2";
				TEST_TARGET_NAME = IMC;
			};
			name = Release;
		};
/* End XCBuildConfiguration section */

/* Begin XCConfigurationList section */
		03683B9E26E908120042F55E /* Build configuration list for PBXProject "IMC" */ = {
			isa = XCConfigurationList;
			buildConfigurations = (
				03683BCB26E908140042F55E /* Debug */,
				03683BCC26E908140042F55E /* Release */,
			);
			defaultConfigurationIsVisible = 0;
			defaultConfigurationName = Release;
		};
		03683BCD26E908140042F55E /* Build configuration list for PBXNativeTarget "IMC" */ = {
			isa = XCConfigurationList;
			buildConfigurations = (
				03683BCE26E908140042F55E /* Debug */,
				03683BCF26E908140042F55E /* Release */,
			);
			defaultConfigurationIsVisible = 0;
			defaultConfigurationName = Release;
		};
		03683BD026E908140042F55E /* Build configuration list for PBXNativeTarget "IMCTests" */ = {
			isa = XCConfigurationList;
			buildConfigurations = (
				03683BD126E908140042F55E /* Debug */,
				03683BD226E908140042F55E /* Release */,
			);
			defaultConfigurationIsVisible = 0;
			defaultConfigurationName = Release;
		};
		03683BD326E908140042F55E /* Build configuration list for PBXNativeTarget "IMCUITests" */ = {
			isa = XCConfigurationList;
			buildConfigurations = (
				03683BD426E908140042F55E /* Debug */,
				03683BD526E908140042F55E /* Release */,
			);
			defaultConfigurationIsVisible = 0;
			defaultConfigurationName = Release;
		};
/* End XCConfigurationList section */
	};
	rootObject = 03683B9B26E908120042F55E /* Project object */;
}
